
Microsoft Visual Studio Solution File, Format Version 12.00
# Visual Studio Version 17
VisualStudioVersion = 17.7.34024.191
MinimumVisualStudioVersion = 10.0.40219.1
Project("{FAE04EC0-301F-11D3-BF4B-00C04F79EFBC}") = "SpicyConso", "SpicyConso\SpicyConso.csproj", "{32576A53-B3DE-44B8-BACA-0ED79074C4D2}"
EndProject
Project("{FAE04EC0-301F-11D3-BF4B-00C04F79EFBC}") = "Model", "Model\Model.csproj", "{93FF2211-6DF9-4E64-980F-2F5E203A9A6F}"
EndProject
Project("{FAE04EC0-301F-11D3-BF4B-00C04F79EFBC}") = "Storage", "Storage\Storage.csproj", "{AF6D2E28-6F3C-4C7E-9A09-4451E646D599}"
EndProject
Project("{FAE04EC0-301F-11D3-BF4B-00C04F79EFBC}") = "Display", "Display\Display.csproj", "{6E80350B-0834-4B73-9DD2-F7F64262A545}"
EndProject
Global
	GlobalSection(SolutionConfigurationPlatforms) = preSolution
		Debug|Any CPU = Debug|Any CPU
		Release|Any CPU = Release|Any CPU
	EndGlobalSection
	GlobalSection(ProjectConfigurationPlatforms) = postSolution
		{32576A53-B3DE-44B8-BACA-0ED79074C4D2}.Debug|Any CPU.ActiveCfg = Debug|Any CPU
		{32576A53-B3DE-44B8-BACA-0ED79074C4D2}.Debug|Any CPU.Build.0 = Debug|Any CPU
		{32576A53-B3DE-44B8-BACA-0ED79074C4D2}.Release|Any CPU.ActiveCfg = Release|Any CPU
		{32576A53-B3DE-44B8-BACA-0ED79074C4D2}.Release|Any CPU.Build.0 = Release|Any CPU
		{93FF2211-6DF9-4E64-980F-2F5E203A9A6F}.Debug|Any CPU.ActiveCfg = Debug|Any CPU
		{93FF2211-6DF9-4E64-980F-2F5E203A9A6F}.Debug|Any CPU.Build.0 = Debug|Any CPU
		{93FF2211-6DF9-4E64-980F-2F5E203A9A6F}.Release|Any CPU.ActiveCfg = Release|Any CPU
		{93FF2211-6DF9-4E64-980F-2F5E203A9A6F}.Release|Any CPU.Build.0 = Release|Any CPU
		{AF6D2E28-6F3C-4C7E-9A09-4451E646D599}.Debug|Any CPU.ActiveCfg = Debug|Any CPU
		{AF6D2E28-6F3C-4C7E-9A09-4451E646D599}.Debug|Any CPU.Build.0 = Debug|Any CPU
		{AF6D2E28-6F3C-4C7E-9A09-4451E646D599}.Release|Any CPU.ActiveCfg = Release|Any CPU
		{AF6D2E28-6F3C-4C7E-9A09-4451E646D599}.Release|Any CPU.Build.0 = Release|Any CPU
		{6E80350B-0834-4B73-9DD2-F7F64262A545}.Debug|Any CPU.ActiveCfg = Debug|Any CPU
		{6E80350B-0834-4B73-9DD2-F7F64262A545}.Debug|Any CPU.Build.0 = Debug|Any CPU
		{6E80350B-0834-4B73-9DD2-F7F64262A545}.Release|Any CPU.ActiveCfg = Release|Any CPU
		{6E80350B-0834-4B73-9DD2-F7F64262A545}.Release|Any CPU.Build.0 = Release|Any CPU
	EndGlobalSection
	GlobalSection(SolutionProperties) = preSolution
		HideSolutionNode = FALSE
	EndGlobalSection
	GlobalSection(ExtensibilityGlobals) = postSolution
		SolutionGuid = {6C54EF35-DB79-4603-94F7-B80BEB99CFCB}
	EndGlobalSection
EndGlobal
